// !$*UTF8*$!
{
	archiveVersion = 1;
	classes = {
	};
	objectVersion = 50;
	objects = {

/* Begin PBXBuildFile section */
		60DA637C26AA0DF500245AB2 /* AppDelegate.swift in Sources */ = {isa = PBXBuildFile; fileRef = 60DA637B26AA0DF500245AB2 /* AppDelegate.swift */; };
		60DA637E26AA0DF500245AB2 /* SceneDelegate.swift in Sources */ = {isa = PBXBuildFile; fileRef = 60DA637D26AA0DF500245AB2 /* SceneDelegate.swift */; };
		60DA638326AA0DF500245AB2 /* Main.storyboard in Resources */ = {isa = PBXBuildFile; fileRef = 60DA638126AA0DF500245AB2 /* Main.storyboard */; };
		60DA638526AA0DF800245AB2 /* Assets.xcassets in Resources */ = {isa = PBXBuildFile; fileRef = 60DA638426AA0DF800245AB2 /* Assets.xcassets */; };
		60DA638826AA0DF800245AB2 /* LaunchScreen.storyboard in Resources */ = {isa = PBXBuildFile; fileRef = 60DA638626AA0DF800245AB2 /* LaunchScreen.storyboard */; };
		60DA639026AA0F3D00245AB2 /* ThemeViewController.swift in Sources */ = {isa = PBXBuildFile; fileRef = 60DA638F26AA0F3D00245AB2 /* ThemeViewController.swift */; };
/* End PBXBuildFile section */

/* Begin PBXFileReference section */
		60DA637826AA0DF400245AB2 /* DarkLightTheme.app */ = {isa = PBXFileReference; explicitFileType = wrapper.application; includeInIndex = 0; path = DarkLightTheme.app; sourceTree = BUILT_PRODUCTS_DIR; };
		60DA637B26AA0DF500245AB2 /* AppDelegate.swift */ = {isa = PBXFileReference; lastKnownFileType = sourcecode.swift; path = AppDelegate.swift; sourceTree = "<group>"; };
		60DA637D26AA0DF500245AB2 /* SceneDelegate.swift */ = {isa = PBXFileReference; lastKnownFileType = sourcecode.swift; path = SceneDelegate.swift; sourceTree = "<group>"; };
		60DA638226AA0DF500245AB2 /* Base */ = {isa = PBXFileReference; lastKnownFileType = file.storyboard; name = Base; path = Base.lproj/Main.storyboard; sourceTree = "<group>"; };
		60DA638426AA0DF800245AB2 /* Assets.xcassets */ = {isa = PBXFileReference; lastKnownFileType = folder.assetcatalog; path = Assets.xcassets; sourceTree = "<group>"; };
		60DA638726AA0DF800245AB2 /* Base */ = {isa = PBXFileReference; lastKnownFileType = file.storyboard; name = Base; path = Base.lproj/LaunchScreen.storyboard; sourceTree = "<group>"; };
		60DA638926AA0DF800245AB2 /* Info.plist */ = {isa = PBXFileReference; lastKnownFileType = text.plist.xml; path = Info.plist; sourceTree = "<group>"; };
		60DA638F26AA0F3D00245AB2 /* ThemeViewController.swift */ = {isa = PBXFileReference; lastKnownFileType = sourcecode.swift; path = ThemeViewController.swift; sourceTree = "<group>"; };
/* End PBXFileReference section */

/* Begin PBXFrameworksBuildPhase section */
		60DA637526AA0DF400245AB2 /* Frameworks */ = {
			isa = PBXFrameworksBuildPhase;
			buildActionMask = 2147483647;
			files = (
			);
			runOnlyForDeploymentPostprocessing = 0;
		};
/* End PBXFrameworksBuildPhase section */

/* Begin PBXGroup section */
		60CABBF526AA11100025D6D2 /* AppDelegate */ = {
			isa = PBXGroup;
			children = (
				60DA637B26AA0DF500245AB2 /* AppDelegate.swift */,
				60DA637D26AA0DF500245AB2 /* SceneDelegate.swift */,
			);
			path = AppDelegate;
			sourceTree = "<group>";
		};
		60CABBF626AA112F0025D6D2 /* Controller */ = {
			isa = PBXGroup;
			children = (
				60DA638F26AA0F3D00245AB2 /* ThemeViewController.swift */,
			);
			path = Controller;
			sourceTree = "<group>";
		};
		60CABBF726AA11500025D6D2 /* View */ = {
			isa = PBXGroup;
			children = (
				60DA638126AA0DF500245AB2 /* Main.storyboard */,
				60DA638626AA0DF800245AB2 /* LaunchScreen.storyboard */,
			);
			path = View;
			sourceTree = "<group>";
		};
		60DA636F26AA0DF400245AB2 = {
			isa = PBXGroup;
			children = (
				60DA637A26AA0DF400245AB2 /* DarkLightTheme */,
				60DA637926AA0DF400245AB2 /* Products */,
			);
			sourceTree = "<group>";
		};
		60DA637926AA0DF400245AB2 /* Products */ = {
			isa = PBXGroup;
			children = (
				60DA637826AA0DF400245AB2 /* DarkLightTheme.app */,
			);
			name = Products;
			sourceTree = "<group>";
		};
		60DA637A26AA0DF400245AB2 /* DarkLightTheme */ = {
			isa = PBXGroup;
			children = (
				60CABBF526AA11100025D6D2 /* AppDelegate */,
				60CABBF626AA112F0025D6D2 /* Controller */,
				60CABBF726AA11500025D6D2 /* View */,
				60DA638426AA0DF800245AB2 /* Assets.xcassets */,
				60DA638926AA0DF800245AB2 /* Info.plist */,
			);
			path = DarkLightTheme;
			sourceTree = "<group>";
		};
/* End PBXGroup section */

/* Begin PBXNativeTarget section */
		60DA637726AA0DF400245AB2 /* DarkLightTheme */ = {
			isa = PBXNativeTarget;
			buildConfigurationList = 60DA638C26AA0DF800245AB2 /* Build configuration list for PBXNativeTarget "DarkLightTheme" */;
			buildPhases = (
				60DA637426AA0DF400245AB2 /* Sources */,
				60DA637526AA0DF400245AB2 /* Frameworks */,
				60DA637626AA0DF400245AB2 /* Resources */,
			);
			buildRules = (
			);
			dependencies = (
			);
			name = DarkLightTheme;
			productName = DarkLightTheme;
			productReference = 60DA637826AA0DF400245AB2 /* DarkLightTheme.app */;
			productType = "com.apple.product-type.application";
		};
/* End PBXNativeTarget section */

/* Begin PBXProject section */
		60DA637026AA0DF400245AB2 /* Project object */ = {
			isa = PBXProject;
			attributes = {
				LastSwiftUpdateCheck = 1250;
				LastUpgradeCheck = 1250;
				TargetAttributes = {
					60DA637726AA0DF400245AB2 = {
						CreatedOnToolsVersion = 12.5.1;
					};
				};
			};
			buildConfigurationList = 60DA637326AA0DF400245AB2 /* Build configuration list for PBXProject "DarkLightTheme" */;
			compatibilityVersion = "Xcode 9.3";
			developmentRegion = en;
			hasScannedForEncodings = 0;
			knownRegions = (
				en,
				Base,
			);
			mainGroup = 60DA636F26AA0DF400245AB2;
			productRefGroup = 60DA637926AA0DF400245AB2 /* Products */;
			projectDirPath = "";
			projectRoot = "";
			targets = (
				60DA637726AA0DF400245AB2 /* DarkLightTheme */,
			);
		};
/* End PBXProject section */

/* Begin PBXResourcesBuildPhase section */
		60DA637626AA0DF400245AB2 /* Resources */ = {
			isa = PBXResourcesBuildPhase;
			buildActionMask = 2147483647;
			files = (
				60DA638826AA0DF800245AB2 /* LaunchScreen.storyboard in Resources */,
				60DA638526AA0DF800245AB2 /* Assets.xcassets in Resources */,
				60DA638326AA0DF500245AB2 /* Main.storyboard in Resources */,
			);
			runOnlyForDeploymentPostprocessing = 0;
		};
/* End PBXResourcesBuildPhase section */

/* Begin PBXSourcesBuildPhase section */
		60DA637426AA0DF400245AB2 /* Sources */ = {
			isa = PBXSourcesBuildPhase;
			buildActionMask = 2147483647;
			files = (
				60DA637C26AA0DF500245AB2 /* AppDelegate.swift in Sources */,
				60DA639026AA0F3D00245AB2 /* ThemeViewController.swift in Sources */,
				60DA637E26AA0DF500245AB2 /* SceneDelegate.swift in Sources */,
			);
			runOnlyForDeploymentPostprocessing = 0;
		};
/* End PBXSourcesBuildPhase section */

/* Begin PBXVariantGroup section */
		60DA638126AA0DF500245AB2 /* Main.storyboard */ = {
			isa = PBXVariantGroup;
			children = (
				60DA638226AA0DF500245AB2 /* Base */,
			);
			name = Main.storyboard;
			sourceTree = "<group>";
		};
		60DA638626AA0DF800245AB2 /* LaunchScreen.storyboard */ = {
			isa = PBXVariantGroup;
			children = (
				60DA638726AA0DF800245AB2 /* Base */,
			);
			name = LaunchScreen.storyboard;
			sourceTree = "<group>";
		};
/* End PBXVariantGroup section */

/* Begin XCBuildConfiguration section */
		60DA638A26AA0DF800245AB2 /* Debug */ = {
			isa = XCBuildConfiguration;
			buildSettings = {
				ALWAYS_SEARCH_USER_PATHS = NO;
				CLANG_ANALYZER_NONNULL = YES;
				CLANG_ANALYZER_NUMBER_OBJECT_CONVERSION = YES_AGGRESSIVE;
				CLANG_CXX_LANGUAGE_STANDARD = "gnu++14";
				CLANG_CXX_LIBRARY = "libc++";
				CLANG_ENABLE_MODULES = YES;
				CLANG_ENABLE_OBJC_ARC = YES;
				CLANG_ENABLE_OBJC_WEAK = YES;
				CLANG_WARN_BLOCK_CAPTURE_AUTORELEASING = YES;
				CLANG_WARN_BOOL_CONVERSION = YES;
				CLANG_WARN_COMMA = YES;
				CLANG_WARN_CONSTANT_CONVERSION = YES;
				CLANG_WARN_DEPRECATED_OBJC_IMPLEMENTATIONS = YES;
				CLANG_WARN_DIRECT_OBJC_ISA_USAGE = YES_ERROR;
				CLANG_WARN_DOCUMENTATION_COMMENTS = YES;
				CLANG_WARN_EMPTY_BODY = YES;
				CLANG_WARN_ENUM_CONVERSION = YES;
				CLANG_WARN_INFINITE_RECURSION = YES;
				CLANG_WARN_INT_CONVERSION = YES;
				CLANG_WARN_NON_LITERAL_NULL_CONVERSION = YES;
				CLANG_WARN_OBJC_IMPLICIT_RETAIN_SELF = YES;
				CLANG_WARN_OBJC_LITERAL_CONVERSION = YES;
				CLANG_WARN_OBJC_ROOT_CLASS = YES_ERROR;
				CLANG_WARN_QUOTED_INCLUDE_IN_FRAMEWORK_HEADER = YES;
				CLANG_WARN_RANGE_LOOP_ANALYSIS = YES;
				CLANG_WARN_STRICT_PROTOTYPES = YES;
				CLANG_WARN_SUSPICIOUS_MOVE = YES;
				CLANG_WARN_UNGUARDED_AVAILABILITY = YES_AGGRESSIVE;
				CLANG_WARN_UNREACHABLE_CODE = YES;
				CLANG_WARN__DUPLICATE_METHOD_MATCH = YES;
				COPY_PHASE_STRIP = NO;
				DEBUG_INFORMATION_FORMAT = dwarf;
				ENABLE_STRICT_OBJC_MSGSEND = YES;
				ENABLE_TESTABILITY = YES;
				GCC_C_LANGUAGE_STANDARD = gnu11;
				GCC_DYNAMIC_NO_PIC = NO;
				GCC_NO_COMMON_BLOCKS = YES;
				GCC_OPTIMIZATION_LEVEL = 0;
				GCC_PREPROCESSOR_DEFINITIONS = (
					"DEBUG=1",
					"$(inherited)",
				);
				GCC_WARN_64_TO_32_BIT_CONVERSION = YES;
				GCC_WARN_ABOUT_RETURN_TYPE = YES_ERROR;
				GCC_WARN_UNDECLARED_SELECTOR = YES;
				GCC_WARN_UNINITIALIZED_AUTOS = YES_AGGRESSIVE;
				GCC_WARN_UNUSED_FUNCTION = YES;
				GCC_WARN_UNUSED_VARIABLE = YES;
				IPHONEOS_DEPLOYMENT_TARGET = 14.5;
				MTL_ENABLE_DEBUG_INFO = INCLUDE_SOURCE;
				MTL_FAST_MATH = YES;
				ONLY_ACTIVE_ARCH = YES;
				SDKROOT = iphoneos;
				SWIFT_ACTIVE_COMPILATION_CONDITIONS = DEBUG;
				SWIFT_OPTIMIZATION_LEVEL = "-Onone";
			};
			name = Debug;
		};
		60DA638B26AA0DF800245AB2 /* Release */ = {
			isa = XCBuildConfiguration;
			buildSettings = {
				ALWAYS_SEARCH_USER_PATHS = NO;
				CLANG_ANALYZER_NONNULL = YES;
				CLANG_ANALYZER_NUMBER_OBJECT_CONVERSION = YES_AGGRESSIVE;
				CLANG_CXX_LANGUAGE_STANDARD = "gnu++14";
				CLANG_CXX_LIBRARY = "libc++";
				CLANG_ENABLE_MODULES = YES;
				CLANG_ENABLE_OBJC_ARC = YES;
				CLANG_ENABLE_OBJC_WEAK = YES;
				CLANG_WARN_BLOCK_CAPTURE_AUTORELEASING = YES;
				CLANG_WARN_BOOL_CONVERSION = YES;
				CLANG_WARN_COMMA = YES;
				CLANG_WARN_CONSTANT_CONVERSION = YES;
				CLANG_WARN_DEPRECATED_OBJC_IMPLEMENTATIONS = YES;
				CLANG_WARN_DIRECT_OBJC_ISA_USAGE = YES_ERROR;
				CLANG_WARN_DOCUMENTATION_COMMENTS = YES;
				CLANG_WARN_EMPTY_BODY = YES;
				CLANG_WARN_ENUM_CONVERSION = YES;
				CLANG_WARN_INFINITE_RECURSION = YES;
				CLANG_WARN_INT_CONVERSION = YES;
				CLANG_WARN_NON_LITERAL_NULL_CONVERSION = YES;
				CLANG_WARN_OBJC_IMPLICIT_RETAIN_SELF = YES;
				CLANG_WARN_OBJC_LITERAL_CONVERSION = YES;
				CLANG_WARN_OBJC_ROOT_CLASS = YES_ERROR;
				CLANG_WARN_QUOTED_INCLUDE_IN_FRAMEWORK_HEADER = YES;
				CLANG_WARN_RANGE_LOOP_ANALYSIS = YES;
				CLANG_WARN_STRICT_PROTOTYPES = YES;
				CLANG_WARN_SUSPICIOUS_MOVE = YES;
				CLANG_WARN_UNGUARDED_AVAILABILITY = YES_AGGRESSIVE;
				CLANG_WARN_UNREACHABLE_CODE = YES;
				CLANG_WARN__DUPLICATE_METHOD_MATCH = YES;
				COPY_PHASE_STRIP = NO;
				DEBUG_INFORMATION_FORMAT = "dwarf-with-dsym";
				ENABLE_NS_ASSERTIONS = NO;
				ENABLE_STRICT_OBJC_MSGSEND = YES;
				GCC_C_LANGUAGE_STANDARD = gnu11;
				GCC_NO_COMMON_BLOCKS = YES;
				GCC_WARN_64_TO_32_BIT_CONVERSION = YES;
				GCC_WARN_ABOUT_RETURN_TYPE = YES_ERROR;
				GCC_WARN_UNDECLARED_SELECTOR = YES;
				GCC_WARN_UNINITIALIZED_AUTOS = YES_AGGRESSIVE;
				GCC_WARN_UNUSED_FUNCTION = YES;
				GCC_WARN_UNUSED_VARIABLE = YES;
				IPHONEOS_DEPLOYMENT_TARGET = 14.5;
				MTL_ENABLE_DEBUG_INFO = NO;
				MTL_FAST_MATH = YES;
				SDKROOT = iphoneos;
				SWIFT_COMPILATION_MODE = wholemodule;
				SWIFT_OPTIMIZATION_LEVEL = "-O";
				VALIDATE_PRODUCT = YES;
			};
			name = Release;
		};
		60DA638D26AA0DF800245AB2 /* Debug */ = {
			isa = XCBuildConfiguration;
			buildSettings = {
				ASSETCATALOG_COMPILER_APPICON_NAME = AppIcon;
				ASSETCATALOG_COMPILER_GLOBAL_ACCENT_COLOR_NAME = AccentColor;
				CODE_SIGN_STYLE = Automatic;
				CURRENT_PROJECT_VERSION = 2;
				DEVELOPMENT_TEAM = 44ZQRAJX6Y;
				INFOPLIST_FILE = DarkLightTheme/Info.plist;
				LD_RUNPATH_SEARCH_PATHS = (
					"$(inherited)",
					"@executable_path/Frameworks",
				);
				MARKETING_VERSION = 1.0.1;
				PRODUCT_BUNDLE_IDENTIFIER = "dkhxd-.DarkLightTheme";
				PRODUCT_NAME = "$(TARGET_NAME)";
				SWIFT_VERSION = 5.0;
				TARGETED_DEVICE_FAMILY = "1,2";
			};
			name = Debug;
		};
		60DA638E26AA0DF800245AB2 /* Release */ = {
			isa = XCBuildConfiguration;
			buildSettings = {
				ASSETCATALOG_COMPILER_APPICON_NAME = AppIcon;
				ASSETCATALOG_COMPILER_GLOBAL_ACCENT_COLOR_NAME = AccentColor;
				CODE_SIGN_STYLE = Automatic;
				CURRENT_PROJECT_VERSION = 2;
				DEVELOPMENT_TEAM = 44ZQRAJX6Y;
				INFOPLIST_FILE = DarkLightTheme/Info.plist;
				LD_RUNPATH_SEARCH_PATHS = (
					"$(inherited)",
					"@executable_path/Frameworks",
				);
				MARKETING_VERSION = 1.0.1;
				PRODUCT_BUNDLE_IDENTIFIER = "dkhxd-.DarkLightTheme";
				PRODUCT_NAME = "$(TARGET_NAME)";
				SWIFT_VERSION = 5.0;
				TARGETED_DEVICE_FAMILY = "1,2";
			};
			name = Release;
		};
/* End XCBuildConfiguration section */

/* Begin XCConfigurationList section */
		60DA637326AA0DF400245AB2 /* Build configuration list for PBXProject "DarkLightTheme" */ = {
			isa = XCConfigurationList;
			buildConfigurations = (
				60DA638A26AA0DF800245AB2 /* Debug */,
				60DA638B26AA0DF800245AB2 /* Release */,
			);
			defaultConfigurationIsVisible = 0;
			defaultConfigurationName = Release;
		};
		60DA638C26AA0DF800245AB2 /* Build configuration list for PBXNativeTarget "DarkLightTheme" */ = {
			isa = XCConfigurationList;
			buildConfigurations = (
				60DA638D26AA0DF800245AB2 /* Debug */,
				60DA638E26AA0DF800245AB2 /* Release */,
			);
			defaultConfigurationIsVisible = 0;
			defaultConfigurationName = Release;
		};
/* End XCConfigurationList section */
	};
	rootObject = 60DA637026AA0DF400245AB2 /* Project object */;
}
